
Microsoft Visual Studio Solution File, Format Version 12.00
# Visual Studio Version 17
VisualStudioVersion = 17.7.34031.279
MinimumVisualStudioVersion = 10.0.40219.1
Project("{FAE04EC0-301F-11D3-BF4B-00C04F79EFBC}") = "SharpGhostTask", "SharpGhostTask\SharpGhostTask.csproj", "{1A8C9BD8-1800-46B0-8E22-7D3823C68366}"
EndProject
Global
	GlobalSection(SolutionConfigurationPlatforms) = preSolution
		Debug|Any CPU = Debug|Any CPU
		Debug|x64 = Debug|x64
		Debug|x86 = Debug|x86
		Release|Any CPU = Release|Any CPU
		Release|x64 = Release|x64
		Release|x86 = Release|x86
	EndGlobalSection
	GlobalSection(ProjectConfigurationPlatforms) = postSolution
		{1A8C9BD8-1800-46B0-8E22-7D3823C68366}.Debug|Any CPU.ActiveCfg = Debug|Any CPU
		{1A8C9BD8-1800-46B0-8E22-7D3823C68366}.Debug|Any CPU.Build.0 = Debug|Any CPU
		{1A8C9BD8-1800-46B0-8E22-7D3823C68366}.Debug|x64.ActiveCfg = Debug|x64
		{1A8C9BD8-1800-46B0-8E22-7D3823C68366}.Debug|x64.Build.0 = Debug|x64
		{1A8C9BD8-1800-46B0-8E22-7D3823C68366}.Debug|x86.ActiveCfg = Debug|x86
		{1A8C9BD8-1800-46B0-8E22-7D3823C68366}.Debug|x86.Build.0 = Debug|x86
		{1A8C9BD8-1800-46B0-8E22-7D3823C68366}.Release|Any CPU.ActiveCfg = Release|Any CPU
		{1A8C9BD8-1800-46B0-8E22-7D3823C68366}.Release|Any CPU.Build.0 = Release|Any CPU
		{1A8C9BD8-1800-46B0-8E22-7D3823C68366}.Release|x64.ActiveCfg = Release|x64
		{1A8C9BD8-1800-46B0-8E22-7D3823C68366}.Release|x64.Build.0 = Release|x64
		{1A8C9BD8-1800-46B0-8E22-7D3823C68366}.Release|x86.ActiveCfg = Release|x86
		{1A8C9BD8-1800-46B0-8E22-7D3823C68366}.Release|x86.Build.0 = Release|x86
	EndGlobalSection
	GlobalSection(SolutionProperties) = preSolution
		HideSolutionNode = FALSE
	EndGlobalSection
	GlobalSection(ExtensibilityGlobals) = postSolution
		SolutionGuid = {E66BD642-7996-45AD-8BDA-748A48E79BD6}
	EndGlobalSection
EndGlobal
